
Microsoft Visual Studio Solution File, Format Version 11.00
# Visual Studio 2010
Project("{8BC9CEB8-8B4A-11D0-8D11-00A0C91BC942}") = "34355", "34355\34355.vcxproj", "{603AEFDE-7804-41BD-A93E-D31340EF4EAC}"
EndProject
Global
	GlobalSection(SolutionConfigurationPlatforms) = preSolution
		Debug|Win32 = Debug|Win32
		Release|Win32 = Release|Win32
	EndGlobalSection
	GlobalSection(ProjectConfigurationPlatforms) = postSolution
		{603AEFDE-7804-41BD-A93E-D31340EF4EAC}.Debug|Win32.ActiveCfg = Debug|Win32
		{603AEFDE-7804-41BD-A93E-D31340EF4EAC}.Debug|Win32.Build.0 = Debug|Win32
		{603AEFDE-7804-41BD-A93E-D31340EF4EAC}.Release|Win32.ActiveCfg = Release|Win32
		{603AEFDE-7804-41BD-A93E-D31340EF4EAC}.Release|Win32.Build.0 = Release|Win32
	EndGlobalSection
	GlobalSection(SolutionProperties) = preSolution
		HideSolutionNode = FALSE
	EndGlobalSection
EndGlobal
